
Microsoft Visual Studio Solution File, Format Version 12.00
# Visual Studio Version 17
VisualStudioVersion = 17.5.002.0
MinimumVisualStudioVersion = 10.0.40219.1
Project("{9A19103F-16F7-4668-BE54-9A1E7A4F7556}") = "DezSegundos", "DezSegundos.csproj", "{236750E7-23C8-420F-B606-2E1F514A7BF0}"
EndProject
Global
	GlobalSection(SolutionConfigurationPlatforms) = preSolution
		Debug|Any CPU = Debug|Any CPU
		Release|Any CPU = Release|Any CPU
	EndGlobalSection
	GlobalSection(ProjectConfigurationPlatforms) = postSolution
		{236750E7-23C8-420F-B606-2E1F514A7BF0}.Debug|Any CPU.ActiveCfg = Debug|Any CPU
		{236750E7-23C8-420F-B606-2E1F514A7BF0}.Debug|Any CPU.Build.0 = Debug|Any CPU
		{236750E7-23C8-420F-B606-2E1F514A7BF0}.Release|Any CPU.ActiveCfg = Release|Any CPU
		{236750E7-23C8-420F-B606-2E1F514A7BF0}.Release|Any CPU.Build.0 = Release|Any CPU
	EndGlobalSection
	GlobalSection(SolutionProperties) = preSolution
		HideSolutionNode = FALSE
	EndGlobalSection
	GlobalSection(ExtensibilityGlobals) = postSolution
		SolutionGuid = {9507E082-BE8A-4AA0-BC73-656EFD07D79D}
	EndGlobalSection
EndGlobal
